
Microsoft Visual Studio Solution File, Format Version 12.00
# Visual Studio Version 17
VisualStudioVersion = 17.8.34601.278
MinimumVisualStudioVersion = 10.0.40219.1
Project("{2150E333-8FDC-42A3-9474-1A3956D46DE8}") = "src", "src", "{F2ED693C-ECF9-4BF7-8588-18590E878EEA}"
EndProject
Project("{2150E333-8FDC-42A3-9474-1A3956D46DE8}") = "corePackages", "corePackages", "{877C39BA-0A10-4104-BE97-8470625C6775}"
EndProject
Project("{2150E333-8FDC-42A3-9474-1A3956D46DE8}") = "webProjects", "webProjects", "{CB4CFBF2-A257-43EE-9033-E32381FCFC5F}"
EndProject
Project("{9A19103F-16F7-4668-BE54-9A1E7A4F7556}") = "Application", "src\webProjects\Application\Application.csproj", "{7671074E-9AB3-42E3-ACA3-04D973A300CB}"
EndProject
Project("{9A19103F-16F7-4668-BE54-9A1E7A4F7556}") = "Domain", "src\webProjects\Domain\Domain.csproj", "{D8CE6C3F-0471-4A80-B25A-C58CA5ECDE79}"
EndProject
Project("{9A19103F-16F7-4668-BE54-9A1E7A4F7556}") = "Persistence", "src\webProjects\Persistence\Persistence.csproj", "{BB63648E-D348-4686-93E2-001902561646}"
EndProject
Project("{9A19103F-16F7-4668-BE54-9A1E7A4F7556}") = "Insfrastructure", "src\webProjects\Insfrastructure\Insfrastructure.csproj", "{F266F7F7-3896-4815-B78C-113331FB6150}"
EndProject
Project("{9A19103F-16F7-4668-BE54-9A1E7A4F7556}") = "WebAPI", "src\webProjects\WebAPI\WebAPI.csproj", "{FE11A0D1-7F93-4C8E-9FA7-25388982B6B0}"
EndProject
Project("{9A19103F-16F7-4668-BE54-9A1E7A4F7556}") = "Core.Persistance", "src\corePackages\Core.Persistance\Core.Persistance.csproj", "{BE521D0D-B1B1-492C-8223-C11C56FCA9E8}"
EndProject
Project("{9A19103F-16F7-4668-BE54-9A1E7A4F7556}") = "Core.Application", "src\corePackages\Core.Application\Core.Application\Core.Application.csproj", "{0977B195-BF6B-4EE3-98B0-0473DBB3DD91}"
EndProject
Project("{9A19103F-16F7-4668-BE54-9A1E7A4F7556}") = "Core.CrossCutting", "src\corePackages\Core.CrossCutting\Core.CrossCutting\Core.CrossCutting.csproj", "{0C86211B-0A7A-43E2-86AF-6352905AC4FC}"
EndProject
Global
	GlobalSection(SolutionConfigurationPlatforms) = preSolution
		Debug|Any CPU = Debug|Any CPU
		Release|Any CPU = Release|Any CPU
	EndGlobalSection
	GlobalSection(ProjectConfigurationPlatforms) = postSolution
		{7671074E-9AB3-42E3-ACA3-04D973A300CB}.Debug|Any CPU.ActiveCfg = Debug|Any CPU
		{7671074E-9AB3-42E3-ACA3-04D973A300CB}.Debug|Any CPU.Build.0 = Debug|Any CPU
		{7671074E-9AB3-42E3-ACA3-04D973A300CB}.Release|Any CPU.ActiveCfg = Release|Any CPU
		{7671074E-9AB3-42E3-ACA3-04D973A300CB}.Release|Any CPU.Build.0 = Release|Any CPU
		{D8CE6C3F-0471-4A80-B25A-C58CA5ECDE79}.Debug|Any CPU.ActiveCfg = Debug|Any CPU
		{D8CE6C3F-0471-4A80-B25A-C58CA5ECDE79}.Debug|Any CPU.Build.0 = Debug|Any CPU
		{D8CE6C3F-0471-4A80-B25A-C58CA5ECDE79}.Release|Any CPU.ActiveCfg = Release|Any CPU
		{D8CE6C3F-0471-4A80-B25A-C58CA5ECDE79}.Release|Any CPU.Build.0 = Release|Any CPU
		{BB63648E-D348-4686-93E2-001902561646}.Debug|Any CPU.ActiveCfg = Debug|Any CPU
		{BB63648E-D348-4686-93E2-001902561646}.Debug|Any CPU.Build.0 = Debug|Any CPU
		{BB63648E-D348-4686-93E2-001902561646}.Release|Any CPU.ActiveCfg = Release|Any CPU
		{BB63648E-D348-4686-93E2-001902561646}.Release|Any CPU.Build.0 = Release|Any CPU
		{F266F7F7-3896-4815-B78C-113331FB6150}.Debug|Any CPU.ActiveCfg = Debug|Any CPU
		{F266F7F7-3896-4815-B78C-113331FB6150}.Debug|Any CPU.Build.0 = Debug|Any CPU
		{F266F7F7-3896-4815-B78C-113331FB6150}.Release|Any CPU.ActiveCfg = Release|Any CPU
		{F266F7F7-3896-4815-B78C-113331FB6150}.Release|Any CPU.Build.0 = Release|Any CPU
		{FE11A0D1-7F93-4C8E-9FA7-25388982B6B0}.Debug|Any CPU.ActiveCfg = Debug|Any CPU
		{FE11A0D1-7F93-4C8E-9FA7-25388982B6B0}.Debug|Any CPU.Build.0 = Debug|Any CPU
		{FE11A0D1-7F93-4C8E-9FA7-25388982B6B0}.Release|Any CPU.ActiveCfg = Release|Any CPU
		{FE11A0D1-7F93-4C8E-9FA7-25388982B6B0}.Release|Any CPU.Build.0 = Release|Any CPU
		{BE521D0D-B1B1-492C-8223-C11C56FCA9E8}.Debug|Any CPU.ActiveCfg = Debug|Any CPU
		{BE521D0D-B1B1-492C-8223-C11C56FCA9E8}.Debug|Any CPU.Build.0 = Debug|Any CPU
		{BE521D0D-B1B1-492C-8223-C11C56FCA9E8}.Release|Any CPU.ActiveCfg = Release|Any CPU
		{BE521D0D-B1B1-492C-8223-C11C56FCA9E8}.Release|Any CPU.Build.0 = Release|Any CPU
		{0977B195-BF6B-4EE3-98B0-0473DBB3DD91}.Debug|Any CPU.ActiveCfg = Debug|Any CPU
		{0977B195-BF6B-4EE3-98B0-0473DBB3DD91}.Debug|Any CPU.Build.0 = Debug|Any CPU
		{0977B195-BF6B-4EE3-98B0-0473DBB3DD91}.Release|Any CPU.ActiveCfg = Release|Any CPU
		{0977B195-BF6B-4EE3-98B0-0473DBB3DD91}.Release|Any CPU.Build.0 = Release|Any CPU
		{0C86211B-0A7A-43E2-86AF-6352905AC4FC}.Debug|Any CPU.ActiveCfg = Debug|Any CPU
		{0C86211B-0A7A-43E2-86AF-6352905AC4FC}.Debug|Any CPU.Build.0 = Debug|Any CPU
		{0C86211B-0A7A-43E2-86AF-6352905AC4FC}.Release|Any CPU.ActiveCfg = Release|Any CPU
		{0C86211B-0A7A-43E2-86AF-6352905AC4FC}.Release|Any CPU.Build.0 = Release|Any CPU
	EndGlobalSection
	GlobalSection(SolutionProperties) = preSolution
		HideSolutionNode = FALSE
	EndGlobalSection
	GlobalSection(NestedProjects) = preSolution
		{877C39BA-0A10-4104-BE97-8470625C6775} = {F2ED693C-ECF9-4BF7-8588-18590E878EEA}
		{CB4CFBF2-A257-43EE-9033-E32381FCFC5F} = {F2ED693C-ECF9-4BF7-8588-18590E878EEA}
		{7671074E-9AB3-42E3-ACA3-04D973A300CB} = {CB4CFBF2-A257-43EE-9033-E32381FCFC5F}
		{D8CE6C3F-0471-4A80-B25A-C58CA5ECDE79} = {CB4CFBF2-A257-43EE-9033-E32381FCFC5F}
		{BB63648E-D348-4686-93E2-001902561646} = {CB4CFBF2-A257-43EE-9033-E32381FCFC5F}
		{F266F7F7-3896-4815-B78C-113331FB6150} = {CB4CFBF2-A257-43EE-9033-E32381FCFC5F}
		{FE11A0D1-7F93-4C8E-9FA7-25388982B6B0} = {CB4CFBF2-A257-43EE-9033-E32381FCFC5F}
		{BE521D0D-B1B1-492C-8223-C11C56FCA9E8} = {877C39BA-0A10-4104-BE97-8470625C6775}
		{0977B195-BF6B-4EE3-98B0-0473DBB3DD91} = {877C39BA-0A10-4104-BE97-8470625C6775}
		{0C86211B-0A7A-43E2-86AF-6352905AC4FC} = {877C39BA-0A10-4104-BE97-8470625C6775}
	EndGlobalSection
	GlobalSection(ExtensibilityGlobals) = postSolution
		SolutionGuid = {01B5F1B8-2582-4524-AFD8-7DC1A8354DF3}
	EndGlobalSection
EndGlobal
